github.com/aopoltorzhicky/go_kraken/websocket v0.0.0-20190329155419-7ff6e3532358 h1:1kFUZgkSCmdosEC3WRPwRKzfWe7vAOfSdThA1cTs3pU=
github.com/aopoltorzhicky/go_kraken/websocket v0.0.0-20190329155419-7ff6e3532358/go.mod h1:7j65JkI/5AchZmButPWaik5vDUZMZ8JAj26Tt8vQlv4=
github.com/gorilla/websocket v1.4.0 h1:WDFjx/TMzVgy9VdMMQi2K2Emtwi2QcUQsztZ/zLaH/Q=
github.com/gorilla/websocket v1.4.0/go.mod h1:E7qHFY5m1UJ88s3WnNqhKjPHQ0heANvMoAMk2YaljkQ=
