github.com/ugorji/go v1.1.2 h1:JON3E2/GPW2iDNGoSAusl1KDf5TRQ8k8q7Tp097pZGs=
github.com/ugorji/go v1.1.2/go.mod h1:hnLbHMwcvSihnDhEfx2/BzKp2xb0Y+ErdfYcrs9tkJQ=
github.com/ugorji/go/codec v0.0.0-20190320090025-2dc34c0b8780 h1:vG/gY/PxA3v3l04qxe3tDjXyu3bozii8ulSlIPOYKhI=
github.com/ugorji/go/codec v0.0.0-20190320090025-2dc34c0b8780/go.mod h1:iT03XoTwV7xq/+UGwKO3UbC1nNNlopQiY61beSdrtOA=
