github.com/aopoltorzhicky/go_kraken/rest v0.0.3 h1:oTRp0xqqsq0g83UOu6dCQtbKTk1lZjqtH3TsaDwDt/o=
github.com/aopoltorzhicky/go_kraken/rest v0.0.3/go.mod h1:cen8hPWBicFQ1T4EoseSAkxvCD7zzZYIzxb0OVTHDk0=
github.com/gorilla/websocket v1.4.1 h1:q7AeDBpnBk8AogcD4DSag/Ukw/KV+YhzLj2bP5HvKCM=
github.com/gorilla/websocket v1.4.1/go.mod h1:YR8l580nyteQvAITg2hZ9XVh4b55+EU/adAjf1fMHhE=
